// !$*UTF8*$!
{
	archiveVersion = 1;
	classes = {
	};
	objectVersion = 46;
	objects = {

/* Begin PBXBuildFile section */
		FD0C207B141430A300F3A1BE /* ChooserButton.m in Sources */ = {isa = PBXBuildFile; fileRef = FD0C207A141430A300F3A1BE /* ChooserButton.m */; };
		FD0C207F1414392300F3A1BE /* icon_settings 20.png in Resources */ = {isa = PBXBuildFile; fileRef = FD0C207E1414392300F3A1BE /* icon_settings 20.png */; };
		FD0F72A7141F79B3003FC650 /* Polygon.m in Sources */ = {isa = PBXBuildFile; fileRef = FD0F72A6141F79B2003FC650 /* Polygon.m */; };
		FD17095A1418D0F0000A9BA1 /* badger_icon.png in Resources */ = {isa = PBXBuildFile; fileRef = FD1709591418D0F0000A9BA1 /* badger_icon.png */; };
		FD360D231418DC530025EFC7 /* CreditsViewController.m in Sources */ = {isa = PBXBuildFile; fileRef = FD360D211418DC530025EFC7 /* CreditsViewController.m */; };
		FD360D241418DC530025EFC7 /* CreditsView.xib in Resources */ = {isa = PBXBuildFile; fileRef = FD360D221418DC530025EFC7 /* CreditsView.xib */; };
		FD504380141E5BDC007955EE /* gpc.c in Sources */ = {isa = PBXBuildFile; fileRef = FD50437E141E5BDC007955EE /* gpc.c */; };
		FD768FC0141CE1CC00A38D9D /* WinFailView.xib in Resources */ = {isa = PBXBuildFile; fileRef = FD768FBF141CE1CC00A38D9D /* WinFailView.xib */; };
		FD7EC318141E3A550037AE05 /* Vertex.m in Sources */ = {isa = PBXBuildFile; fileRef = FD7EC317141E3A550037AE05 /* Vertex.m */; };
		FD9C9FFB141D05EE00B414AE /* Badger.m in Sources */ = {isa = PBXBuildFile; fileRef = FD9C9FFA141D05EE00B414AE /* Badger.m */; };
		FD9CA007141D188100B414AE /* BadgerSettings.cfg in CopyFiles */ = {isa = PBXBuildFile; fileRef = FD9C9FED141D01B200B414AE /* BadgerSettings.cfg */; };
		FDAA391A141A762500C10B6B /* GameEngine.m in Sources */ = {isa = PBXBuildFile; fileRef = FDAA3919141A762500C10B6B /* GameEngine.m */; };
		FDBFBC5C141838A300815898 /* badger1_thumb.jpg in Resources */ = {isa = PBXBuildFile; fileRef = FDBFBC4C141838A300815898 /* badger1_thumb.jpg */; };
		FDBFBC5D141838A300815898 /* badger1.jpg in Resources */ = {isa = PBXBuildFile; fileRef = FDBFBC4D141838A300815898 /* badger1.jpg */; };
		FDBFBC5E141838A300815898 /* badger2_thumb.jpg in Resources */ = {isa = PBXBuildFile; fileRef = FDBFBC4E141838A300815898 /* badger2_thumb.jpg */; };
		FDBFBC5F141838A300815898 /* badger2.jpg in Resources */ = {isa = PBXBuildFile; fileRef = FDBFBC4F141838A300815898 /* badger2.jpg */; };
		FDBFBC60141838A300815898 /* badger3_thumb.jpg in Resources */ = {isa = PBXBuildFile; fileRef = FDBFBC50141838A300815898 /* badger3_thumb.jpg */; };
		FDBFBC61141838A300815898 /* badger3.jpg in Resources */ = {isa = PBXBuildFile; fileRef = FDBFBC51141838A300815898 /* badger3.jpg */; };
		FDBFBC62141838A300815898 /* badger4_thumb.jpg in Resources */ = {isa = PBXBuildFile; fileRef = FDBFBC52141838A300815898 /* badger4_thumb.jpg */; };
		FDBFBC63141838A300815898 /* badger4.jpg in Resources */ = {isa = PBXBuildFile; fileRef = FDBFBC53141838A300815898 /* badger4.jpg */; };
		FDBFBC64141838A300815898 /* badger5_thumb.jpg in Resources */ = {isa = PBXBuildFile; fileRef = FDBFBC54141838A300815898 /* badger5_thumb.jpg */; };
		FDBFBC65141838A300815898 /* badger5.jpg in Resources */ = {isa = PBXBuildFile; fileRef = FDBFBC55141838A300815898 /* badger5.jpg */; };
		FDBFBC66141838A300815898 /* badger6_thumb.jpg in Resources */ = {isa = PBXBuildFile; fileRef = FDBFBC56141838A300815898 /* badger6_thumb.jpg */; };
		FDBFBC67141838A300815898 /* badger6.jpg in Resources */ = {isa = PBXBuildFile; fileRef = FDBFBC57141838A300815898 /* badger6.jpg */; };
		FDBFBC68141838A300815898 /* badger7_thumb.jpg in Resources */ = {isa = PBXBuildFile; fileRef = FDBFBC58141838A300815898 /* badger7_thumb.jpg */; };
		FDBFBC69141838A300815898 /* badger7.jpg in Resources */ = {isa = PBXBuildFile; fileRef = FDBFBC59141838A300815898 /* badger7.jpg */; };
		FDBFBC6A141838A300815898 /* badger8_thumb.jpg in Resources */ = {isa = PBXBuildFile; fileRef = FDBFBC5A141838A300815898 /* badger8_thumb.jpg */; };
		FDBFBC6B141838A300815898 /* badger8.jpg in Resources */ = {isa = PBXBuildFile; fileRef = FDBFBC5B141838A300815898 /* badger8.jpg */; };
		FDBFBC6C141838BC00815898 /* badger1_thumb.jpg in CopyFiles */ = {isa = PBXBuildFile; fileRef = FDBFBC4C141838A300815898 /* badger1_thumb.jpg */; };
		FDBFBC6D141838BC00815898 /* badger1.jpg in CopyFiles */ = {isa = PBXBuildFile; fileRef = FDBFBC4D141838A300815898 /* badger1.jpg */; };
		FDBFBC6E141838BC00815898 /* badger2_thumb.jpg in CopyFiles */ = {isa = PBXBuildFile; fileRef = FDBFBC4E141838A300815898 /* badger2_thumb.jpg */; };
		FDBFBC6F141838BC00815898 /* badger2.jpg in CopyFiles */ = {isa = PBXBuildFile; fileRef = FDBFBC4F141838A300815898 /* badger2.jpg */; };
		FDBFBC70141838BC00815898 /* badger3_thumb.jpg in CopyFiles */ = {isa = PBXBuildFile; fileRef = FDBFBC50141838A300815898 /* badger3_thumb.jpg */; };
		FDBFBC71141838BC00815898 /* badger3.jpg in CopyFiles */ = {isa = PBXBuildFile; fileRef = FDBFBC51141838A300815898 /* badger3.jpg */; };
		FDBFBC72141838BC00815898 /* badger4_thumb.jpg in CopyFiles */ = {isa = PBXBuildFile; fileRef = FDBFBC52141838A300815898 /* badger4_thumb.jpg */; };
		FDBFBC73141838BC00815898 /* badger4.jpg in CopyFiles */ = {isa = PBXBuildFile; fileRef = FDBFBC53141838A300815898 /* badger4.jpg */; };
		FDBFBC74141838BC00815898 /* badger5_thumb.jpg in CopyFiles */ = {isa = PBXBuildFile; fileRef = FDBFBC54141838A300815898 /* badger5_thumb.jpg */; };
		FDBFBC75141838BC00815898 /* badger5.jpg in CopyFiles */ = {isa = PBXBuildFile; fileRef = FDBFBC55141838A300815898 /* badger5.jpg */; };
		FDBFBC76141838BC00815898 /* badger6_thumb.jpg in CopyFiles */ = {isa = PBXBuildFile; fileRef = FDBFBC56141838A300815898 /* badger6_thumb.jpg */; };
		FDBFBC77141838BC00815898 /* badger6.jpg in CopyFiles */ = {isa = PBXBuildFile; fileRef = FDBFBC57141838A300815898 /* badger6.jpg */; };
		FDBFBC78141838BC00815898 /* badger7_thumb.jpg in CopyFiles */ = {isa = PBXBuildFile; fileRef = FDBFBC58141838A300815898 /* badger7_thumb.jpg */; };
		FDBFBC79141838BC00815898 /* badger7.jpg in CopyFiles */ = {isa = PBXBuildFile; fileRef = FDBFBC59141838A300815898 /* badger7.jpg */; };
		FDBFBC7A141838BC00815898 /* badger8_thumb.jpg in CopyFiles */ = {isa = PBXBuildFile; fileRef = FDBFBC5A141838A300815898 /* badger8_thumb.jpg */; };
		FDBFBC7B141838BC00815898 /* badger8.jpg in CopyFiles */ = {isa = PBXBuildFile; fileRef = FDBFBC5B141838A300815898 /* badger8.jpg */; };
		FDBFBC7D14183D9600815898 /* magnifying-glass-zoom.png in Resources */ = {isa = PBXBuildFile; fileRef = FDBFBC7C14183D9600815898 /* magnifying-glass-zoom.png */; };
		FDE706431413BEF60032ACD0 /* UIKit.framework in Frameworks */ = {isa = PBXBuildFile; fileRef = FDE706421413BEF60032ACD0 /* UIKit.framework */; };
		FDE706451413BEF60032ACD0 /* Foundation.framework in Frameworks */ = {isa = PBXBuildFile; fileRef = FDE706441413BEF60032ACD0 /* Foundation.framework */; };
		FDE706471413BEF60032ACD0 /* CoreGraphics.framework in Frameworks */ = {isa = PBXBuildFile; fileRef = FDE706461413BEF60032ACD0 /* CoreGraphics.framework */; };
		FDE7064D1413BEF60032ACD0 /* InfoPlist.strings in Resources */ = {isa = PBXBuildFile; fileRef = FDE7064B1413BEF60032ACD0 /* InfoPlist.strings */; };
		FDE706501413BEF60032ACD0 /* main.m in Sources */ = {isa = PBXBuildFile; fileRef = FDE7064F1413BEF60032ACD0 /* main.m */; };
		FDE706531413BEF60032ACD0 /* BadgerLargerAppDelegate.m in Sources */ = {isa = PBXBuildFile; fileRef = FDE706521413BEF60032ACD0 /* BadgerLargerAppDelegate.m */; };
		FDE706561413BEF60032ACD0 /* MainWindow.xib in Resources */ = {isa = PBXBuildFile; fileRef = FDE706541413BEF60032ACD0 /* MainWindow.xib */; };
		FDE706591413BEF60032ACD0 /* BadgerLargerViewController.m in Sources */ = {isa = PBXBuildFile; fileRef = FDE706581413BEF60032ACD0 /* BadgerLargerViewController.m */; };
		FDE7065C1413BEF60032ACD0 /* BadgerLargerView.xib in Resources */ = {isa = PBXBuildFile; fileRef = FDE7065A1413BEF60032ACD0 /* BadgerLargerView.xib */; };
		FDE706631413BEF60032ACD0 /* UIKit.framework in Frameworks */ = {isa = PBXBuildFile; fileRef = FDE706421413BEF60032ACD0 /* UIKit.framework */; };
		FDE706641413BEF60032ACD0 /* Foundation.framework in Frameworks */ = {isa = PBXBuildFile; fileRef = FDE706441413BEF60032ACD0 /* Foundation.framework */; };
		FDE706651413BEF60032ACD0 /* CoreGraphics.framework in Frameworks */ = {isa = PBXBuildFile; fileRef = FDE706461413BEF60032ACD0 /* CoreGraphics.framework */; };
		FDE7066D1413BEF60032ACD0 /* InfoPlist.strings in Resources */ = {isa = PBXBuildFile; fileRef = FDE7066B1413BEF60032ACD0 /* InfoPlist.strings */; };
		FDE706701413BEF60032ACD0 /* BadgerLargerTests.h in Resources */ = {isa = PBXBuildFile; fileRef = FDE7066F1413BEF60032ACD0 /* BadgerLargerTests.h */; };
		FDE706721413BEF60032ACD0 /* BadgerLargerTests.m in Sources */ = {isa = PBXBuildFile; fileRef = FDE706711413BEF60032ACD0 /* BadgerLargerTests.m */; };
		FDE706851413C1170032ACD0 /* ChooserViewController.m in Sources */ = {isa = PBXBuildFile; fileRef = FDE706831413C1170032ACD0 /* ChooserViewController.m */; };
		FDE706861413C1170032ACD0 /* ChooserView.xib in Resources */ = {isa = PBXBuildFile; fileRef = FDE706841413C1170032ACD0 /* ChooserView.xib */; };
		FDE70695141424540032ACD0 /* QuartzCore.framework in Frameworks */ = {isa = PBXBuildFile; fileRef = FDE70694141424540032ACD0 /* QuartzCore.framework */; };
		FDF03377141AC2E4002097E8 /* GameOverView.xib in Resources */ = {isa = PBXBuildFile; fileRef = FDF03376141AC2E4002097E8 /* GameOverView.xib */; };
		FDFE51E5141A1F350067DDB5 /* UIColor+CustomColors.m in Sources */ = {isa = PBXBuildFile; fileRef = FDFE51E4141A1F350067DDB5 /* UIColor+CustomColors.m */; };
		FDFE51E9141A43E30067DDB5 /* RectangleUtils.m in Sources */ = {isa = PBXBuildFile; fileRef = FDFE51E8141A43E30067DDB5 /* RectangleUtils.m */; };
/* End PBXBuildFile section */

/* Begin PBXContainerItemProxy section */
		FDE706661413BEF60032ACD0 /* PBXContainerItemProxy */ = {
			isa = PBXContainerItemProxy;
			containerPortal = FDE706351413BEF50032ACD0 /* Project object */;
			proxyType = 1;
			remoteGlobalIDString = FDE7063D1413BEF60032ACD0;
			remoteInfo = BadgerLarger;
		};
/* End PBXContainerItemProxy section */

/* Begin PBXCopyFilesBuildPhase section */
		FD9CA006141D187600B414AE /* CopyFiles */ = {
			isa = PBXCopyFilesBuildPhase;
			buildActionMask = 2147483647;
			dstPath = "";
			dstSubfolderSpec = 7;
			files = (
				FD9CA007141D188100B414AE /* BadgerSettings.cfg in CopyFiles */,
			);
			runOnlyForDeploymentPostprocessing = 0;
		};
		FDB6F8C5141764D500F67A1F /* CopyFiles */ = {
			isa = PBXCopyFilesBuildPhase;
			buildActionMask = 12;
			dstPath = Badgers;
			dstSubfolderSpec = 7;
			files = (
				FDBFBC6C141838BC00815898 /* badger1_thumb.jpg in CopyFiles */,
				FDBFBC6D141838BC00815898 /* badger1.jpg in CopyFiles */,
				FDBFBC6E141838BC00815898 /* badger2_thumb.jpg in CopyFiles */,
				FDBFBC6F141838BC00815898 /* badger2.jpg in CopyFiles */,
				FDBFBC70141838BC00815898 /* badger3_thumb.jpg in CopyFiles */,
				FDBFBC71141838BC00815898 /* badger3.jpg in CopyFiles */,
				FDBFBC72141838BC00815898 /* badger4_thumb.jpg in CopyFiles */,
				FDBFBC73141838BC00815898 /* badger4.jpg in CopyFiles */,
				FDBFBC74141838BC00815898 /* badger5_thumb.jpg in CopyFiles */,
				FDBFBC75141838BC00815898 /* badger5.jpg in CopyFiles */,
				FDBFBC76141838BC00815898 /* badger6_thumb.jpg in CopyFiles */,
				FDBFBC77141838BC00815898 /* badger6.jpg in CopyFiles */,
				FDBFBC78141838BC00815898 /* badger7_thumb.jpg in CopyFiles */,
				FDBFBC79141838BC00815898 /* badger7.jpg in CopyFiles */,
				FDBFBC7A141838BC00815898 /* badger8_thumb.jpg in CopyFiles */,
				FDBFBC7B141838BC00815898 /* badger8.jpg in CopyFiles */,
			);
			runOnlyForDeploymentPostprocessing = 0;
		};
/* End PBXCopyFilesBuildPhase section */

/* Begin PBXFileReference section */
		FD0C2079141430A300F3A1BE /* ChooserButton.h */ = {isa = PBXFileReference; fileEncoding = 4; lastKnownFileType = sourcecode.c.h; path = ChooserButton.h; sourceTree = "<group>"; };
		FD0C207A141430A300F3A1BE /* ChooserButton.m */ = {isa = PBXFileReference; fileEncoding = 4; lastKnownFileType = sourcecode.c.objc; path = ChooserButton.m; sourceTree = "<group>"; };
		FD0C207E1414392300F3A1BE /* icon_settings 20.png */ = {isa = PBXFileReference; lastKnownFileType = image.png; name = "icon_settings 20.png"; path = "../../../../Downloads/twg_iphone_toolbar_icons/icon_settings 20.png"; sourceTree = "<group>"; };
		FD0F72A5141F79B2003FC650 /* Polygon.h */ = {isa = PBXFileReference; fileEncoding = 4; lastKnownFileType = sourcecode.c.h; path = Polygon.h; sourceTree = "<group>"; };
		FD0F72A6141F79B2003FC650 /* Polygon.m */ = {isa = PBXFileReference; fileEncoding = 4; lastKnownFileType = sourcecode.c.objc; path = Polygon.m; sourceTree = "<group>"; };
		FD1709591418D0F0000A9BA1 /* badger_icon.png */ = {isa = PBXFileReference; lastKnownFileType = image.png; name = badger_icon.png; path = ../../../../Desktop/badger_icon.png; sourceTree = "<group>"; };
		FD360D201418DC530025EFC7 /* CreditsViewController.h */ = {isa = PBXFileReference; fileEncoding = 4; lastKnownFileType = sourcecode.c.h; path = CreditsViewController.h; sourceTree = "<group>"; };
		FD360D211418DC530025EFC7 /* CreditsViewController.m */ = {isa = PBXFileReference; fileEncoding = 4; lastKnownFileType = sourcecode.c.objc; path = CreditsViewController.m; sourceTree = "<group>"; };
		FD360D221418DC530025EFC7 /* CreditsView.xib */ = {isa = PBXFileReference; fileEncoding = 4; lastKnownFileType = file.xib; path = CreditsView.xib; sourceTree = "<group>"; };
		FD50437E141E5BDC007955EE /* gpc.c */ = {isa = PBXFileReference; fileEncoding = 4; lastKnownFileType = sourcecode.c.c; name = gpc.c; path = "../../../../Downloads/gpc232-release/gpc.c"; sourceTree = "<group>"; };
		FD50437F141E5BDC007955EE /* gpc.h */ = {isa = PBXFileReference; fileEncoding = 4; lastKnownFileType = sourcecode.c.h; name = gpc.h; path = "../../../../Downloads/gpc232-release/gpc.h"; sourceTree = "<group>"; };
		FD768FBF141CE1CC00A38D9D /* WinFailView.xib */ = {isa = PBXFileReference; fileEncoding = 4; lastKnownFileType = file.xib; path = WinFailView.xib; sourceTree = "<group>"; };
		FD7EC316141E3A550037AE05 /* Vertex.h */ = {isa = PBXFileReference; fileEncoding = 4; lastKnownFileType = sourcecode.c.h; path = Vertex.h; sourceTree = "<group>"; };
		FD7EC317141E3A550037AE05 /* Vertex.m */ = {isa = PBXFileReference; fileEncoding = 4; lastKnownFileType = sourcecode.c.objc; path = Vertex.m; sourceTree = "<group>"; };
		FD9C9FED141D01B200B414AE /* BadgerSettings.cfg */ = {isa = PBXFileReference; fileEncoding = 4; lastKnownFileType = text; path = BadgerSettings.cfg; sourceTree = "<group>"; };
		FD9C9FF9141D05EE00B414AE /* Badger.h */ = {isa = PBXFileReference; fileEncoding = 4; lastKnownFileType = sourcecode.c.h; path = Badger.h; sourceTree = "<group>"; };
		FD9C9FFA141D05EE00B414AE /* Badger.m */ = {isa = PBXFileReference; fileEncoding = 4; lastKnownFileType = sourcecode.c.objc; path = Badger.m; sourceTree = "<group>"; };
		FDAA3918141A762500C10B6B /* GameEngine.h */ = {isa = PBXFileReference; fileEncoding = 4; lastKnownFileType = sourcecode.c.h; path = GameEngine.h; sourceTree = "<group>"; };
		FDAA3919141A762500C10B6B /* GameEngine.m */ = {isa = PBXFileReference; fileEncoding = 4; lastKnownFileType = sourcecode.c.objc; path = GameEngine.m; sourceTree = "<group>"; };
		FDBFBC4C141838A300815898 /* badger1_thumb.jpg */ = {isa = PBXFileReference; lastKnownFileType = image.jpeg; name = badger1_thumb.jpg; path = "../../../../Desktop/Flikr Badgers/app_images/badger1_thumb.jpg"; sourceTree = "<group>"; };
		FDBFBC4D141838A300815898 /* badger1.jpg */ = {isa = PBXFileReference; lastKnownFileType = image.jpeg; name = badger1.jpg; path = "../../../../Desktop/Flikr Badgers/app_images/badger1.jpg"; sourceTree = "<group>"; };
		FDBFBC4E141838A300815898 /* badger2_thumb.jpg */ = {isa = PBXFileReference; lastKnownFileType = image.jpeg; name = badger2_thumb.jpg; path = "../../../../Desktop/Flikr Badgers/app_images/badger2_thumb.jpg"; sourceTree = "<group>"; };
		FDBFBC4F141838A300815898 /* badger2.jpg */ = {isa = PBXFileReference; lastKnownFileType = image.jpeg; name = badger2.jpg; path = "../../../../Desktop/Flikr Badgers/app_images/badger2.jpg"; sourceTree = "<group>"; };
		FDBFBC50141838A300815898 /* badger3_thumb.jpg */ = {isa = PBXFileReference; lastKnownFileType = image.jpeg; name = badger3_thumb.jpg; path = "../../../../Desktop/Flikr Badgers/app_images/badger3_thumb.jpg"; sourceTree = "<group>"; };
		FDBFBC51141838A300815898 /* badger3.jpg */ = {isa = PBXFileReference; lastKnownFileType = image.jpeg; name = badger3.jpg; path = "../../../../Desktop/Flikr Badgers/app_images/badger3.jpg"; sourceTree = "<group>"; };
		FDBFBC52141838A300815898 /* badger4_thumb.jpg */ = {isa = PBXFileReference; lastKnownFileType = image.jpeg; name = badger4_thumb.jpg; path = "../../../../Desktop/Flikr Badgers/app_images/badger4_thumb.jpg"; sourceTree = "<group>"; };
		FDBFBC53141838A300815898 /* badger4.jpg */ = {isa = PBXFileReference; lastKnownFileType = image.jpeg; name = badger4.jpg; path = "../../../../Desktop/Flikr Badgers/app_images/badger4.jpg"; sourceTree = "<group>"; };
		FDBFBC54141838A300815898 /* badger5_thumb.jpg */ = {isa = PBXFileReference; lastKnownFileType = image.jpeg; name = badger5_thumb.jpg; path = "../../../../Desktop/Flikr Badgers/app_images/badger5_thumb.jpg"; sourceTree = "<group>"; };
		FDBFBC55141838A300815898 /* badger5.jpg */ = {isa = PBXFileReference; lastKnownFileType = image.jpeg; name = badger5.jpg; path = "../../../../Desktop/Flikr Badgers/app_images/badger5.jpg"; sourceTree = "<group>"; };
		FDBFBC56141838A300815898 /* badger6_thumb.jpg */ = {isa = PBXFileReference; lastKnownFileType = image.jpeg; name = badger6_thumb.jpg; path = "../../../../Desktop/Flikr Badgers/app_images/badger6_thumb.jpg"; sourceTree = "<group>"; };
		FDBFBC57141838A300815898 /* badger6.jpg */ = {isa = PBXFileReference; lastKnownFileType = image.jpeg; name = badger6.jpg; path = "../../../../Desktop/Flikr Badgers/app_images/badger6.jpg"; sourceTree = "<group>"; };
		FDBFBC58141838A300815898 /* badger7_thumb.jpg */ = {isa = PBXFileReference; lastKnownFileType = image.jpeg; name = badger7_thumb.jpg; path = "../../../../Desktop/Flikr Badgers/app_images/badger7_thumb.jpg"; sourceTree = "<group>"; };
		FDBFBC59141838A300815898 /* badger7.jpg */ = {isa = PBXFileReference; lastKnownFileType = image.jpeg; name = badger7.jpg; path = "../../../../Desktop/Flikr Badgers/app_images/badger7.jpg"; sourceTree = "<group>"; };
		FDBFBC5A141838A300815898 /* badger8_thumb.jpg */ = {isa = PBXFileReference; lastKnownFileType = image.jpeg; name = badger8_thumb.jpg; path = "../../../../Desktop/Flikr Badgers/app_images/badger8_thumb.jpg"; sourceTree = "<group>"; };
		FDBFBC5B141838A300815898 /* badger8.jpg */ = {isa = PBXFileReference; lastKnownFileType = image.jpeg; name = badger8.jpg; path = "../../../../Desktop/Flikr Badgers/app_images/badger8.jpg"; sourceTree = "<group>"; };
		FDBFBC7C14183D9600815898 /* magnifying-glass-zoom.png */ = {isa = PBXFileReference; lastKnownFileType = image.png; name = "magnifying-glass-zoom.png"; path = "../../../../Desktop/magnifying-glass-zoom.png"; sourceTree = "<group>"; };
		FDE7063E1413BEF60032ACD0 /* BadgerLarger.app */ = {isa = PBXFileReference; explicitFileType = wrapper.application; includeInIndex = 0; path = BadgerLarger.app; sourceTree = BUILT_PRODUCTS_DIR; };
		FDE706421413BEF60032ACD0 /* UIKit.framework */ = {isa = PBXFileReference; lastKnownFileType = wrapper.framework; name = UIKit.framework; path = System/Library/Frameworks/UIKit.framework; sourceTree = SDKROOT; };
		FDE706441413BEF60032ACD0 /* Foundation.framework */ = {isa = PBXFileReference; lastKnownFileType = wrapper.framework; name = Foundation.framework; path = System/Library/Frameworks/Foundation.framework; sourceTree = SDKROOT; };
		FDE706461413BEF60032ACD0 /* CoreGraphics.framework */ = {isa = PBXFileReference; lastKnownFileType = wrapper.framework; name = CoreGraphics.framework; path = System/Library/Frameworks/CoreGraphics.framework; sourceTree = SDKROOT; };
		FDE7064A1413BEF60032ACD0 /* BadgerLarger-Info.plist */ = {isa = PBXFileReference; lastKnownFileType = text.plist.xml; path = "BadgerLarger-Info.plist"; sourceTree = "<group>"; };
		FDE7064C1413BEF60032ACD0 /* en */ = {isa = PBXFileReference; lastKnownFileType = text.plist.strings; name = en; path = en.lproj/InfoPlist.strings; sourceTree = "<group>"; };
		FDE7064E1413BEF60032ACD0 /* BadgerLarger-Prefix.pch */ = {isa = PBXFileReference; lastKnownFileType = sourcecode.c.h; path = "BadgerLarger-Prefix.pch"; sourceTree = "<group>"; };
		FDE7064F1413BEF60032ACD0 /* main.m */ = {isa = PBXFileReference; lastKnownFileType = sourcecode.c.objc; path = main.m; sourceTree = "<group>"; };
		FDE706511413BEF60032ACD0 /* BadgerLargerAppDelegate.h */ = {isa = PBXFileReference; lastKnownFileType = sourcecode.c.h; path = BadgerLargerAppDelegate.h; sourceTree = "<group>"; };
		FDE706521413BEF60032ACD0 /* BadgerLargerAppDelegate.m */ = {isa = PBXFileReference; lastKnownFileType = sourcecode.c.objc; path = BadgerLargerAppDelegate.m; sourceTree = "<group>"; };
		FDE706551413BEF60032ACD0 /* en */ = {isa = PBXFileReference; lastKnownFileType = file.xib; name = en; path = en.lproj/MainWindow.xib; sourceTree = "<group>"; };
		FDE706571413BEF60032ACD0 /* BadgerLargerViewController.h */ = {isa = PBXFileReference; lastKnownFileType = sourcecode.c.h; path = BadgerLargerViewController.h; sourceTree = "<group>"; };
		FDE706581413BEF60032ACD0 /* BadgerLargerViewController.m */ = {isa = PBXFileReference; lastKnownFileType = sourcecode.c.objc; path = BadgerLargerViewController.m; sourceTree = "<group>"; };
		FDE7065B1413BEF60032ACD0 /* en */ = {isa = PBXFileReference; lastKnownFileType = file.xib; name = en; path = en.lproj/BadgerLargerView.xib; sourceTree = "<group>"; };
		FDE706621413BEF60032ACD0 /* BadgerLargerTests.octest */ = {isa = PBXFileReference; explicitFileType = wrapper.cfbundle; includeInIndex = 0; path = BadgerLargerTests.octest; sourceTree = BUILT_PRODUCTS_DIR; };
		FDE7066A1413BEF60032ACD0 /* BadgerLargerTests-Info.plist */ = {isa = PBXFileReference; lastKnownFileType = text.plist.xml; path = "BadgerLargerTests-Info.plist"; sourceTree = "<group>"; };
		FDE7066C1413BEF60032ACD0 /* en */ = {isa = PBXFileReference; lastKnownFileType = text.plist.strings; name = en; path = en.lproj/InfoPlist.strings; sourceTree = "<group>"; };
		FDE7066E1413BEF60032ACD0 /* BadgerLargerTests-Prefix.pch */ = {isa = PBXFileReference; lastKnownFileType = sourcecode.c.h; path = "BadgerLargerTests-Prefix.pch"; sourceTree = "<group>"; };
		FDE7066F1413BEF60032ACD0 /* BadgerLargerTests.h */ = {isa = PBXFileReference; lastKnownFileType = sourcecode.c.h; path = BadgerLargerTests.h; sourceTree = "<group>"; };
		FDE706711413BEF60032ACD0 /* BadgerLargerTests.m */ = {isa = PBXFileReference; lastKnownFileType = sourcecode.c.objc; path = BadgerLargerTests.m; sourceTree = "<group>"; };
		FDE706821413C1170032ACD0 /* ChooserViewController.h */ = {isa = PBXFileReference; fileEncoding = 4; lastKnownFileType = sourcecode.c.h; path = ChooserViewController.h; sourceTree = "<group>"; };
		FDE706831413C1170032ACD0 /* ChooserViewController.m */ = {isa = PBXFileReference; fileEncoding = 4; lastKnownFileType = sourcecode.c.objc; path = ChooserViewController.m; sourceTree = "<group>"; };
		FDE706841413C1170032ACD0 /* ChooserView.xib */ = {isa = PBXFileReference; fileEncoding = 4; lastKnownFileType = file.xib; path = ChooserView.xib; sourceTree = "<group>"; };
		FDE70694141424540032ACD0 /* QuartzCore.framework */ = {isa = PBXFileReference; lastKnownFileType = wrapper.framework; name = QuartzCore.framework; path = System/Library/Frameworks/QuartzCore.framework; sourceTree = SDKROOT; };
		FDF03376141AC2E4002097E8 /* GameOverView.xib */ = {isa = PBXFileReference; fileEncoding = 4; lastKnownFileType = file.xib; path = GameOverView.xib; sourceTree = "<group>"; };
		FDFE51E3141A1F350067DDB5 /* UIColor+CustomColors.h */ = {isa = PBXFileReference; fileEncoding = 4; lastKnownFileType = sourcecode.c.h; path = "UIColor+CustomColors.h"; sourceTree = "<group>"; };
		FDFE51E4141A1F350067DDB5 /* UIColor+CustomColors.m */ = {isa = PBXFileReference; fileEncoding = 4; lastKnownFileType = sourcecode.c.objc; path = "UIColor+CustomColors.m"; sourceTree = "<group>"; };
		FDFE51E7141A43E20067DDB5 /* RectangleUtils.h */ = {isa = PBXFileReference; fileEncoding = 4; lastKnownFileType = sourcecode.c.h; path = RectangleUtils.h; sourceTree = "<group>"; };
		FDFE51E8141A43E30067DDB5 /* RectangleUtils.m */ = {isa = PBXFileReference; fileEncoding = 4; lastKnownFileType = sourcecode.c.objc; path = RectangleUtils.m; sourceTree = "<group>"; };
/* End PBXFileReference section */

/* Begin PBXFrameworksBuildPhase section */
		FDE7063B1413BEF60032ACD0 /* Frameworks */ = {
			isa = PBXFrameworksBuildPhase;
			buildActionMask = 2147483647;
			files = (
				FDE70695141424540032ACD0 /* QuartzCore.framework in Frameworks */,
				FDE706431413BEF60032ACD0 /* UIKit.framework in Frameworks */,
				FDE706451413BEF60032ACD0 /* Foundation.framework in Frameworks */,
				FDE706471413BEF60032ACD0 /* CoreGraphics.framework in Frameworks */,
			);
			runOnlyForDeploymentPostprocessing = 0;
		};
		FDE7065E1413BEF60032ACD0 /* Frameworks */ = {
			isa = PBXFrameworksBuildPhase;
			buildActionMask = 2147483647;
			files = (
				FDE706631413BEF60032ACD0 /* UIKit.framework in Frameworks */,
				FDE706641413BEF60032ACD0 /* Foundation.framework in Frameworks */,
				FDE706651413BEF60032ACD0 /* CoreGraphics.framework in Frameworks */,
			);
			runOnlyForDeploymentPostprocessing = 0;
		};
/* End PBXFrameworksBuildPhase section */

/* Begin PBXGroup section */
		FD0C2080141439A400F3A1BE /* Badgers */ = {
			isa = PBXGroup;
			children = (
				FDBFBC4C141838A300815898 /* badger1_thumb.jpg */,
				FDBFBC4D141838A300815898 /* badger1.jpg */,
				FDBFBC4E141838A300815898 /* badger2_thumb.jpg */,
				FDBFBC4F141838A300815898 /* badger2.jpg */,
				FDBFBC50141838A300815898 /* badger3_thumb.jpg */,
				FDBFBC51141838A300815898 /* badger3.jpg */,
				FDBFBC52141838A300815898 /* badger4_thumb.jpg */,
				FDBFBC53141838A300815898 /* badger4.jpg */,
				FDBFBC54141838A300815898 /* badger5_thumb.jpg */,
				FDBFBC55141838A300815898 /* badger5.jpg */,
				FDBFBC56141838A300815898 /* badger6_thumb.jpg */,
				FDBFBC57141838A300815898 /* badger6.jpg */,
				FDBFBC58141838A300815898 /* badger7_thumb.jpg */,
				FDBFBC59141838A300815898 /* badger7.jpg */,
				FDBFBC5A141838A300815898 /* badger8_thumb.jpg */,
				FDBFBC5B141838A300815898 /* badger8.jpg */,
			);
			name = Badgers;
			sourceTree = "<group>";
		};
		FDB6F8CD1417844C00F67A1F /* Classes */ = {
			isa = PBXGroup;
			children = (
				FD50437F141E5BDC007955EE /* gpc.h */,
				FD50437E141E5BDC007955EE /* gpc.c */,
				FDFE51E7141A43E20067DDB5 /* RectangleUtils.h */,
				FDFE51E8141A43E30067DDB5 /* RectangleUtils.m */,
				FDE706511413BEF60032ACD0 /* BadgerLargerAppDelegate.h */,
				FDE706521413BEF60032ACD0 /* BadgerLargerAppDelegate.m */,
				FDE706571413BEF60032ACD0 /* BadgerLargerViewController.h */,
				FDE706581413BEF60032ACD0 /* BadgerLargerViewController.m */,
				FD360D201418DC530025EFC7 /* CreditsViewController.h */,
				FD360D211418DC530025EFC7 /* CreditsViewController.m */,
				FDE706821413C1170032ACD0 /* ChooserViewController.h */,
				FDE706831413C1170032ACD0 /* ChooserViewController.m */,
				FD0C2079141430A300F3A1BE /* ChooserButton.h */,
				FD0C207A141430A300F3A1BE /* ChooserButton.m */,
				FDFE51E3141A1F350067DDB5 /* UIColor+CustomColors.h */,
				FDFE51E4141A1F350067DDB5 /* UIColor+CustomColors.m */,
				FDAA3918141A762500C10B6B /* GameEngine.h */,
				FDAA3919141A762500C10B6B /* GameEngine.m */,
				FD9C9FF9141D05EE00B414AE /* Badger.h */,
				FD9C9FFA141D05EE00B414AE /* Badger.m */,
				FD7EC316141E3A550037AE05 /* Vertex.h */,
				FD7EC317141E3A550037AE05 /* Vertex.m */,
				FD0F72A5141F79B2003FC650 /* Polygon.h */,
				FD0F72A6141F79B2003FC650 /* Polygon.m */,
			);
			name = Classes;
			sourceTree = "<group>";
		};
		FDE706331413BEF50032ACD0 = {
			isa = PBXGroup;
			children = (
				FDE706481413BEF60032ACD0 /* BadgerLarger */,
				FDE706681413BEF60032ACD0 /* BadgerLargerTests */,
				FDE706411413BEF60032ACD0 /* Frameworks */,
				FDE7063F1413BEF60032ACD0 /* Products */,
			);
			sourceTree = "<group>";
		};
		FDE7063F1413BEF60032ACD0 /* Products */ = {
			isa = PBXGroup;
			children = (
				FDE7063E1413BEF60032ACD0 /* BadgerLarger.app */,
				FDE706621413BEF60032ACD0 /* BadgerLargerTests.octest */,
			);
			name = Products;
			sourceTree = "<group>";
		};
		FDE706411413BEF60032ACD0 /* Frameworks */ = {
			isa = PBXGroup;
			children = (
				FDE70694141424540032ACD0 /* QuartzCore.framework */,
				FDE706421413BEF60032ACD0 /* UIKit.framework */,
				FDE706441413BEF60032ACD0 /* Foundation.framework */,
				FDE706461413BEF60032ACD0 /* CoreGraphics.framework */,
			);
			name = Frameworks;
			sourceTree = "<group>";
		};
		FDE706481413BEF60032ACD0 /* BadgerLarger */ = {
			isa = PBXGroup;
			children = (
				FD0C2080141439A400F3A1BE /* Badgers */,
				FDB6F8CD1417844C00F67A1F /* Classes */,
				FDE706541413BEF60032ACD0 /* MainWindow.xib */,
				FD360D221418DC530025EFC7 /* CreditsView.xib */,
				FDE7065A1413BEF60032ACD0 /* BadgerLargerView.xib */,
				FD768FBF141CE1CC00A38D9D /* WinFailView.xib */,
				FDE706841413C1170032ACD0 /* ChooserView.xib */,
				FDF03376141AC2E4002097E8 /* GameOverView.xib */,
				FDE706491413BEF60032ACD0 /* Supporting Files */,
			);
			path = BadgerLarger;
			sourceTree = "<group>";
		};
		FDE706491413BEF60032ACD0 /* Supporting Files */ = {
			isa = PBXGroup;
			children = (
				FD1709591418D0F0000A9BA1 /* badger_icon.png */,
				FDBFBC7C14183D9600815898 /* magnifying-glass-zoom.png */,
				FD0C207E1414392300F3A1BE /* icon_settings 20.png */,
				FDE7064A1413BEF60032ACD0 /* BadgerLarger-Info.plist */,
				FDE7064B1413BEF60032ACD0 /* InfoPlist.strings */,
				FDE7064E1413BEF60032ACD0 /* BadgerLarger-Prefix.pch */,
				FDE7064F1413BEF60032ACD0 /* main.m */,
				FD9C9FED141D01B200B414AE /* BadgerSettings.cfg */,
			);
			name = "Supporting Files";
			sourceTree = "<group>";
		};
		FDE706681413BEF60032ACD0 /* BadgerLargerTests */ = {
			isa = PBXGroup;
			children = (
				FDE7066F1413BEF60032ACD0 /* BadgerLargerTests.h */,
				FDE706711413BEF60032ACD0 /* BadgerLargerTests.m */,
				FDE706691413BEF60032ACD0 /* Supporting Files */,
			);
			path = BadgerLargerTests;
			sourceTree = "<group>";
		};
		FDE706691413BEF60032ACD0 /* Supporting Files */ = {
			isa = PBXGroup;
			children = (
				FDE7066A1413BEF60032ACD0 /* BadgerLargerTests-Info.plist */,
				FDE7066B1413BEF60032ACD0 /* InfoPlist.strings */,
				FDE7066E1413BEF60032ACD0 /* BadgerLargerTests-Prefix.pch */,
			);
			name = "Supporting Files";
			sourceTree = "<group>";
		};
/* End PBXGroup section */

/* Begin PBXNativeTarget section */
		FDE7063D1413BEF60032ACD0 /* BadgerLarger */ = {
			isa = PBXNativeTarget;
			buildConfigurationList = FDE706751413BEF60032ACD0 /* Build configuration list for PBXNativeTarget "BadgerLarger" */;
			buildPhases = (
				FDE7063A1413BEF60032ACD0 /* Sources */,
				FDE7063B1413BEF60032ACD0 /* Frameworks */,
				FDE7063C1413BEF60032ACD0 /* Resources */,
				FDB6F8C5141764D500F67A1F /* CopyFiles */,
				FD9CA006141D187600B414AE /* CopyFiles */,
			);
			buildRules = (
			);
			dependencies = (
			);
			name = BadgerLarger;
			productName = BadgerLarger;
			productReference = FDE7063E1413BEF60032ACD0 /* BadgerLarger.app */;
			productType = "com.apple.product-type.application";
		};
		FDE706611413BEF60032ACD0 /* BadgerLargerTests */ = {
			isa = PBXNativeTarget;
			buildConfigurationList = FDE706781413BEF60032ACD0 /* Build configuration list for PBXNativeTarget "BadgerLargerTests" */;
			buildPhases = (
				FDE7065D1413BEF60032ACD0 /* Sources */,
				FDE7065E1413BEF60032ACD0 /* Frameworks */,
				FDE7065F1413BEF60032ACD0 /* Resources */,
				FDE706601413BEF60032ACD0 /* ShellScript */,
			);
			buildRules = (
			);
			dependencies = (
				FDE706671413BEF60032ACD0 /* PBXTargetDependency */,
			);
			name = BadgerLargerTests;
			productName = BadgerLargerTests;
			productReference = FDE706621413BEF60032ACD0 /* BadgerLargerTests.octest */;
			productType = "com.apple.product-type.bundle";
		};
/* End PBXNativeTarget section */

/* Begin PBXProject section */
		FDE706351413BEF50032ACD0 /* Project object */ = {
			isa = PBXProject;
			buildConfigurationList = FDE706381413BEF50032ACD0 /* Build configuration list for PBXProject "BadgerLarger" */;
			compatibilityVersion = "Xcode 3.2";
			developmentRegion = English;
			hasScannedForEncodings = 0;
			knownRegions = (
				en,
			);
			mainGroup = FDE706331413BEF50032ACD0;
			productRefGroup = FDE7063F1413BEF60032ACD0 /* Products */;
			projectDirPath = "";
			projectRoot = "";
			targets = (
				FDE7063D1413BEF60032ACD0 /* BadgerLarger */,
				FDE706611413BEF60032ACD0 /* BadgerLargerTests */,
			);
		};
/* End PBXProject section */

/* Begin PBXResourcesBuildPhase section */
		FDE7063C1413BEF60032ACD0 /* Resources */ = {
			isa = PBXResourcesBuildPhase;
			buildActionMask = 2147483647;
			files = (
				FDE7064D1413BEF60032ACD0 /* InfoPlist.strings in Resources */,
				FDE706561413BEF60032ACD0 /* MainWindow.xib in Resources */,
				FDE7065C1413BEF60032ACD0 /* BadgerLargerView.xib in Resources */,
				FDE706861413C1170032ACD0 /* ChooserView.xib in Resources */,
				FD0C207F1414392300F3A1BE /* icon_settings 20.png in Resources */,
				FDBFBC5C141838A300815898 /* badger1_thumb.jpg in Resources */,
				FDBFBC5D141838A300815898 /* badger1.jpg in Resources */,
				FDBFBC5E141838A300815898 /* badger2_thumb.jpg in Resources */,
				FDBFBC5F141838A300815898 /* badger2.jpg in Resources */,
				FDBFBC60141838A300815898 /* badger3_thumb.jpg in Resources */,
				FDBFBC61141838A300815898 /* badger3.jpg in Resources */,
				FDBFBC62141838A300815898 /* badger4_thumb.jpg in Resources */,
				FDBFBC63141838A300815898 /* badger4.jpg in Resources */,
				FDBFBC64141838A300815898 /* badger5_thumb.jpg in Resources */,
				FDBFBC65141838A300815898 /* badger5.jpg in Resources */,
				FDBFBC66141838A300815898 /* badger6_thumb.jpg in Resources */,
				FDBFBC67141838A300815898 /* badger6.jpg in Resources */,
				FDBFBC68141838A300815898 /* badger7_thumb.jpg in Resources */,
				FDBFBC69141838A300815898 /* badger7.jpg in Resources */,
				FDBFBC6A141838A300815898 /* badger8_thumb.jpg in Resources */,
				FDBFBC6B141838A300815898 /* badger8.jpg in Resources */,
				FDBFBC7D14183D9600815898 /* magnifying-glass-zoom.png in Resources */,
				FD17095A1418D0F0000A9BA1 /* badger_icon.png in Resources */,
				FD360D241418DC530025EFC7 /* CreditsView.xib in Resources */,
				FDF03377141AC2E4002097E8 /* GameOverView.xib in Resources */,
				FD768FC0141CE1CC00A38D9D /* WinFailView.xib in Resources */,
			);
			runOnlyForDeploymentPostprocessing = 0;
		};
		FDE7065F1413BEF60032ACD0 /* Resources */ = {
			isa = PBXResourcesBuildPhase;
			buildActionMask = 2147483647;
			files = (
				FDE7066D1413BEF60032ACD0 /* InfoPlist.strings in Resources */,
				FDE706701413BEF60032ACD0 /* BadgerLargerTests.h in Resources */,
			);
			runOnlyForDeploymentPostprocessing = 0;
		};
/* End PBXResourcesBuildPhase section */

/* Begin PBXShellScriptBuildPhase section */
		FDE706601413BEF60032ACD0 /* ShellScript */ = {
			isa = PBXShellScriptBuildPhase;
			buildActionMask = 2147483647;
			files = (
			);
			inputPaths = (
			);
			outputPaths = (
			);
			runOnlyForDeploymentPostprocessing = 0;
			shellPath = /bin/sh;
			shellScript = "# Run the unit tests in this test bundle.\n\"${SYSTEM_DEVELOPER_DIR}/Tools/RunUnitTests\"\n";
		};
/* End PBXShellScriptBuildPhase section */

/* Begin PBXSourcesBuildPhase section */
		FDE7063A1413BEF60032ACD0 /* Sources */ = {
			isa = PBXSourcesBuildPhase;
			buildActionMask = 2147483647;
			files = (
				FDE706501413BEF60032ACD0 /* main.m in Sources */,
				FDE706531413BEF60032ACD0 /* BadgerLargerAppDelegate.m in Sources */,
				FDE706591413BEF60032ACD0 /* BadgerLargerViewController.m in Sources */,
				FDE706851413C1170032ACD0 /* ChooserViewController.m in Sources */,
				FD0C207B141430A300F3A1BE /* ChooserButton.m in Sources */,
				FD360D231418DC530025EFC7 /* CreditsViewController.m in Sources */,
				FDFE51E5141A1F350067DDB5 /* UIColor+CustomColors.m in Sources */,
				FDFE51E9141A43E30067DDB5 /* RectangleUtils.m in Sources */,
				FDAA391A141A762500C10B6B /* GameEngine.m in Sources */,
				FD9C9FFB141D05EE00B414AE /* Badger.m in Sources */,
				FD7EC318141E3A550037AE05 /* Vertex.m in Sources */,
				FD504380141E5BDC007955EE /* gpc.c in Sources */,
				FD0F72A7141F79B3003FC650 /* Polygon.m in Sources */,
			);
			runOnlyForDeploymentPostprocessing = 0;
		};
		FDE7065D1413BEF60032ACD0 /* Sources */ = {
			isa = PBXSourcesBuildPhase;
			buildActionMask = 2147483647;
			files = (
				FDE706721413BEF60032ACD0 /* BadgerLargerTests.m in Sources */,
			);
			runOnlyForDeploymentPostprocessing = 0;
		};
/* End PBXSourcesBuildPhase section */

/* Begin PBXTargetDependency section */
		FDE706671413BEF60032ACD0 /* PBXTargetDependency */ = {
			isa = PBXTargetDependency;
			target = FDE7063D1413BEF60032ACD0 /* BadgerLarger */;
			targetProxy = FDE706661413BEF60032ACD0 /* PBXContainerItemProxy */;
		};
/* End PBXTargetDependency section */

/* Begin PBXVariantGroup section */
		FDE7064B1413BEF60032ACD0 /* InfoPlist.strings */ = {
			isa = PBXVariantGroup;
			children = (
				FDE7064C1413BEF60032ACD0 /* en */,
			);
			name = InfoPlist.strings;
			sourceTree = "<group>";
		};
		FDE706541413BEF60032ACD0 /* MainWindow.xib */ = {
			isa = PBXVariantGroup;
			children = (
				FDE706551413BEF60032ACD0 /* en */,
			);
			name = MainWindow.xib;
			sourceTree = "<group>";
		};
		FDE7065A1413BEF60032ACD0 /* BadgerLargerView.xib */ = {
			isa = PBXVariantGroup;
			children = (
				FDE7065B1413BEF60032ACD0 /* en */,
			);
			name = BadgerLargerView.xib;
			sourceTree = "<group>";
		};
		FDE7066B1413BEF60032ACD0 /* InfoPlist.strings */ = {
			isa = PBXVariantGroup;
			children = (
				FDE7066C1413BEF60032ACD0 /* en */,
			);
			name = InfoPlist.strings;
			sourceTree = "<group>";
		};
/* End PBXVariantGroup section */

/* Begin XCBuildConfiguration section */
		FDE706731413BEF60032ACD0 /* Debug */ = {
			isa = XCBuildConfiguration;
			buildSettings = {
				ARCHS = "$(ARCHS_STANDARD_32_BIT)";
				"CODE_SIGN_IDENTITY[sdk=iphoneos*]" = "iPhone Developer";
				GCC_C_LANGUAGE_STANDARD = gnu99;
				GCC_OPTIMIZATION_LEVEL = 0;
				GCC_PREPROCESSOR_DEFINITIONS = DEBUG;
				GCC_SYMBOLS_PRIVATE_EXTERN = NO;
				GCC_VERSION = com.apple.compilers.llvmgcc42;
				GCC_WARN_ABOUT_RETURN_TYPE = YES;
				GCC_WARN_UNUSED_VARIABLE = YES;
				IPHONEOS_DEPLOYMENT_TARGET = 4.3;
				SDKROOT = iphoneos;
			};
			name = Debug;
		};
		FDE706741413BEF60032ACD0 /* Release */ = {
			isa = XCBuildConfiguration;
			buildSettings = {
				ARCHS = "$(ARCHS_STANDARD_32_BIT)";
				"CODE_SIGN_IDENTITY[sdk=iphoneos*]" = "iPhone Developer";
				GCC_C_LANGUAGE_STANDARD = gnu99;
				GCC_VERSION = com.apple.compilers.llvmgcc42;
				GCC_WARN_ABOUT_RETURN_TYPE = YES;
				GCC_WARN_UNUSED_VARIABLE = YES;
				IPHONEOS_DEPLOYMENT_TARGET = 4.3;
				OTHER_CFLAGS = "-DNS_BLOCK_ASSERTIONS=1";
				SDKROOT = iphoneos;
			};
			name = Release;
		};
		FDE706761413BEF60032ACD0 /* Debug */ = {
			isa = XCBuildConfiguration;
			buildSettings = {
				ALWAYS_SEARCH_USER_PATHS = NO;
				COPY_PHASE_STRIP = NO;
				GCC_DYNAMIC_NO_PIC = NO;
				GCC_PRECOMPILE_PREFIX_HEADER = YES;
				GCC_PREFIX_HEADER = "BadgerLarger/BadgerLarger-Prefix.pch";
				INFOPLIST_FILE = "BadgerLarger/BadgerLarger-Info.plist";
				PRODUCT_NAME = "$(TARGET_NAME)";
				WRAPPER_EXTENSION = app;
			};
			name = Debug;
		};
		FDE706771413BEF60032ACD0 /* Release */ = {
			isa = XCBuildConfiguration;
			buildSettings = {
				ALWAYS_SEARCH_USER_PATHS = NO;
				COPY_PHASE_STRIP = YES;
				GCC_PRECOMPILE_PREFIX_HEADER = YES;
				GCC_PREFIX_HEADER = "BadgerLarger/BadgerLarger-Prefix.pch";
				INFOPLIST_FILE = "BadgerLarger/BadgerLarger-Info.plist";
				PRODUCT_NAME = "$(TARGET_NAME)";
				VALIDATE_PRODUCT = YES;
				WRAPPER_EXTENSION = app;
			};
			name = Release;
		};
		FDE706791413BEF60032ACD0 /* Debug */ = {
			isa = XCBuildConfiguration;
			buildSettings = {
				ALWAYS_SEARCH_USER_PATHS = NO;
				BUNDLE_LOADER = "$(BUILT_PRODUCTS_DIR)/BadgerLarger.app/BadgerLarger";
				FRAMEWORK_SEARCH_PATHS = (
					"$(SDKROOT)/Developer/Library/Frameworks",
					"$(DEVELOPER_LIBRARY_DIR)/Frameworks",
				);
				GCC_PRECOMPILE_PREFIX_HEADER = YES;
				GCC_PREFIX_HEADER = "BadgerLargerTests/BadgerLargerTests-Prefix.pch";
				INFOPLIST_FILE = "BadgerLargerTests/BadgerLargerTests-Info.plist";
				OTHER_LDFLAGS = (
					"-framework",
					SenTestingKit,
				);
				PRODUCT_NAME = "$(TARGET_NAME)";
				TEST_HOST = "$(BUNDLE_LOADER)";
				WRAPPER_EXTENSION = octest;
			};
			name = Debug;
		};
		FDE7067A1413BEF60032ACD0 /* Release */ = {
			isa = XCBuildConfiguration;
			buildSettings = {
				ALWAYS_SEARCH_USER_PATHS = NO;
				BUNDLE_LOADER = "$(BUILT_PRODUCTS_DIR)/BadgerLarger.app/BadgerLarger";
				FRAMEWORK_SEARCH_PATHS = (
					"$(SDKROOT)/Developer/Library/Frameworks",
					"$(DEVELOPER_LIBRARY_DIR)/Frameworks",
				);
				GCC_PRECOMPILE_PREFIX_HEADER = YES;
				GCC_PREFIX_HEADER = "BadgerLargerTests/BadgerLargerTests-Prefix.pch";
				INFOPLIST_FILE = "BadgerLargerTests/BadgerLargerTests-Info.plist";
				OTHER_LDFLAGS = (
					"-framework",
					SenTestingKit,
				);
				PRODUCT_NAME = "$(TARGET_NAME)";
				TEST_HOST = "$(BUNDLE_LOADER)";
				WRAPPER_EXTENSION = octest;
			};
			name = Release;
		};
/* End XCBuildConfiguration section */

/* Begin XCConfigurationList section */
		FDE706381413BEF50032ACD0 /* Build configuration list for PBXProject "BadgerLarger" */ = {
			isa = XCConfigurationList;
			buildConfigurations = (
				FDE706731413BEF60032ACD0 /* Debug */,
				FDE706741413BEF60032ACD0 /* Release */,
			);
			defaultConfigurationIsVisible = 0;
			defaultConfigurationName = Release;
		};
		FDE706751413BEF60032ACD0 /* Build configuration list for PBXNativeTarget "BadgerLarger" */ = {
			isa = XCConfigurationList;
			buildConfigurations = (
				FDE706761413BEF60032ACD0 /* Debug */,
				FDE706771413BEF60032ACD0 /* Release */,
			);
			defaultConfigurationIsVisible = 0;
			defaultConfigurationName = Release;
		};
		FDE706781413BEF60032ACD0 /* Build configuration list for PBXNativeTarget "BadgerLargerTests" */ = {
			isa = XCConfigurationList;
			buildConfigurations = (
				FDE706791413BEF60032ACD0 /* Debug */,
				FDE7067A1413BEF60032ACD0 /* Release */,
			);
			defaultConfigurationIsVisible = 0;
			defaultConfigurationName = Release;
		};
/* End XCConfigurationList section */
	};
	rootObject = FDE706351413BEF50032ACD0 /* Project object */;
}
